
Microsoft Visual Studio Solution File, Format Version 12.00
# Visual Studio Version 16
VisualStudioVersion = 16.0.30413.136
MinimumVisualStudioVersion = 10.0.40219.1
Project("{9A19103F-16F7-4668-BE54-9A1E7A4F7556}") = "Charlie", "Charlie.csproj", "{ABE6CE31-3F2E-423F-97D1-C7ACE0AC4E38}"
EndProject
Project("{FAE04EC0-301F-11D3-BF4B-00C04F79EFBC}") = "Bozhou Wk 3 Group Project Solution", "..\Bozhou Wk 3 Group Project Solution\Bozhou Wk 3 Group Project Solution.csproj", "{7D1D9890-1133-4646-8E61-C649ECF23F93}"
EndProject
Global
	GlobalSection(SolutionConfigurationPlatforms) = preSolution
		Debug|Any CPU = Debug|Any CPU
		Release|Any CPU = Release|Any CPU
	EndGlobalSection
	GlobalSection(ProjectConfigurationPlatforms) = postSolution
		{ABE6CE31-3F2E-423F-97D1-C7ACE0AC4E38}.Debug|Any CPU.ActiveCfg = Debug|Any CPU
		{ABE6CE31-3F2E-423F-97D1-C7ACE0AC4E38}.Debug|Any CPU.Build.0 = Debug|Any CPU
		{ABE6CE31-3F2E-423F-97D1-C7ACE0AC4E38}.Release|Any CPU.ActiveCfg = Release|Any CPU
		{ABE6CE31-3F2E-423F-97D1-C7ACE0AC4E38}.Release|Any CPU.Build.0 = Release|Any CPU
		{7D1D9890-1133-4646-8E61-C649ECF23F93}.Debug|Any CPU.ActiveCfg = Debug|Any CPU
		{7D1D9890-1133-4646-8E61-C649ECF23F93}.Debug|Any CPU.Build.0 = Debug|Any CPU
		{7D1D9890-1133-4646-8E61-C649ECF23F93}.Release|Any CPU.ActiveCfg = Release|Any CPU
		{7D1D9890-1133-4646-8E61-C649ECF23F93}.Release|Any CPU.Build.0 = Release|Any CPU
	EndGlobalSection
	GlobalSection(SolutionProperties) = preSolution
		HideSolutionNode = FALSE
	EndGlobalSection
	GlobalSection(ExtensibilityGlobals) = postSolution
		SolutionGuid = {BC65138B-7665-4154-A502-FB70B2B2E807}
	EndGlobalSection
EndGlobal
